
Microsoft Visual Studio Solution File, Format Version 12.00
# Visual Studio Version 16
VisualStudioVersion = 16.0.30717.126
MinimumVisualStudioVersion = 10.0.40219.1
Project("{FAE04EC0-301F-11D3-BF4B-00C04F79EFBC}") = "SPFFlatten", "SPFFlatten.csproj", "{14EEEA23-9A7E-4C70-B00E-AC7FF9152DD3}"
EndProject
Global
	GlobalSection(SolutionConfigurationPlatforms) = preSolution
		Debug|Any CPU = Debug|Any CPU
		Release|Any CPU = Release|Any CPU
	EndGlobalSection
	GlobalSection(ProjectConfigurationPlatforms) = postSolution
		{14EEEA23-9A7E-4C70-B00E-AC7FF9152DD3}.Debug|Any CPU.ActiveCfg = Debug|Any CPU
		{14EEEA23-9A7E-4C70-B00E-AC7FF9152DD3}.Debug|Any CPU.Build.0 = Debug|Any CPU
		{14EEEA23-9A7E-4C70-B00E-AC7FF9152DD3}.Release|Any CPU.ActiveCfg = Release|Any CPU
		{14EEEA23-9A7E-4C70-B00E-AC7FF9152DD3}.Release|Any CPU.Build.0 = Release|Any CPU
	EndGlobalSection
	GlobalSection(SolutionProperties) = preSolution
		HideSolutionNode = FALSE
	EndGlobalSection
	GlobalSection(ExtensibilityGlobals) = postSolution
		SolutionGuid = {428C06BD-E576-42DA-84C1-9C41281DAA21}
	EndGlobalSection
EndGlobal
